
Microsoft Visual Studio Solution File, Format Version 12.00
# Visual Studio 15
VisualStudioVersion = 15.0.27428.2027
MinimumVisualStudioVersion = 10.0.40219.1
Project("{FAE04EC0-301F-11D3-BF4B-00C04F79EFBC}") = "CalculadorDeAreasDeFiguras", "CalculadorDeAreasDeFiguras\CalculadorDeAreasDeFiguras.csproj", "{F1033E2C-97DD-4CE0-99BA-22E31CA611CB}"
EndProject
Global
	GlobalSection(SolutionConfigurationPlatforms) = preSolution
		Debug|Any CPU = Debug|Any CPU
		Release|Any CPU = Release|Any CPU
	EndGlobalSection
	GlobalSection(ProjectConfigurationPlatforms) = postSolution
		{F1033E2C-97DD-4CE0-99BA-22E31CA611CB}.Debug|Any CPU.ActiveCfg = Debug|Any CPU
		{F1033E2C-97DD-4CE0-99BA-22E31CA611CB}.Debug|Any CPU.Build.0 = Debug|Any CPU
		{F1033E2C-97DD-4CE0-99BA-22E31CA611CB}.Release|Any CPU.ActiveCfg = Release|Any CPU
		{F1033E2C-97DD-4CE0-99BA-22E31CA611CB}.Release|Any CPU.Build.0 = Release|Any CPU
	EndGlobalSection
	GlobalSection(SolutionProperties) = preSolution
		HideSolutionNode = FALSE
	EndGlobalSection
	GlobalSection(ExtensibilityGlobals) = postSolution
		SolutionGuid = {80A1C884-B7E4-4181-889C-961EFC446754}
	EndGlobalSection
EndGlobal
